
Microsoft Visual Studio Solution File, Format Version 12.00
# Visual Studio Version 17
VisualStudioVersion = 17.11.35222.181
MinimumVisualStudioVersion = 10.0.40219.1
Project("{FAE04EC0-301F-11D3-BF4B-00C04F79EFBC}") = "ConsoleApp11", "ConsoleApp11\ConsoleApp11.csproj", "{D7ABE09D-6DCF-407E-9C84-608AE367A18F}"
EndProject
Global
	GlobalSection(SolutionConfigurationPlatforms) = preSolution
		Debug|Any CPU = Debug|Any CPU
		Release|Any CPU = Release|Any CPU
	EndGlobalSection
	GlobalSection(ProjectConfigurationPlatforms) = postSolution
		{D7ABE09D-6DCF-407E-9C84-608AE367A18F}.Debug|Any CPU.ActiveCfg = Debug|Any CPU
		{D7ABE09D-6DCF-407E-9C84-608AE367A18F}.Debug|Any CPU.Build.0 = Debug|Any CPU
		{D7ABE09D-6DCF-407E-9C84-608AE367A18F}.Release|Any CPU.ActiveCfg = Release|Any CPU
		{D7ABE09D-6DCF-407E-9C84-608AE367A18F}.Release|Any CPU.Build.0 = Release|Any CPU
	EndGlobalSection
	GlobalSection(SolutionProperties) = preSolution
		HideSolutionNode = FALSE
	EndGlobalSection
	GlobalSection(ExtensibilityGlobals) = postSolution
		SolutionGuid = {790F6830-488F-4E47-B656-90F9132EFFF5}
	EndGlobalSection
EndGlobal
